# THIS IS AN AUTOGENERATED FILE. DO NOT EDIT THIS FILE DIRECTLY.
# yarn lockfile v1


react-native-infinite-scrolling@^2.0.0:
  version "2.0.0"
  resolved "https://registry.yarnpkg.com/react-native-infinite-scrolling/-/react-native-infinite-scrolling-2.0.0.tgz#e355fe3d171f6ef6b619b45a5c02aaec17e00a14"
  integrity sha512-J4pbxuhnWy1PQl50+Msht/EwCZQDe2S8eJ935bHy8Xh/OQI3F+FBeAeAKctcFWYwUKrUVfCuElK5KoTiZYGdgA==
